
Microsoft Visual Studio Solution File, Format Version 12.00
# Visual Studio 2013
VisualStudioVersion = 12.0.30324.0
MinimumVisualStudioVersion = 10.0.40219.1
Project("{FAE04EC0-301F-11D3-BF4B-00C04F79EFBC}") = "Excel Dna Logging", "Excel Dna Logging\Excel Dna Logging.csproj", "{34057C47-664C-465B-83F3-7CE3A6A96116}"
EndProject
Project("{FAE04EC0-301F-11D3-BF4B-00C04F79EFBC}") = "Excel.Dna.Diagnostics", "Excel.Dna.Diagnostics\Excel.Dna.Diagnostics.csproj", "{27C10790-AB0A-40FC-B4B5-B515B5946DCA}"
EndProject
Project("{FAE04EC0-301F-11D3-BF4B-00C04F79EFBC}") = "ExcelDna.Integration", "ExcelDna.Integration\ExcelDna.Integration.csproj", "{196735BC-5A5C-4A21-9FE4-EC01CB7F3DE9}"
EndProject
Global
	GlobalSection(SolutionConfigurationPlatforms) = preSolution
		Debug|Any CPU = Debug|Any CPU
		Release|Any CPU = Release|Any CPU
	EndGlobalSection
	GlobalSection(ProjectConfigurationPlatforms) = postSolution
		{34057C47-664C-465B-83F3-7CE3A6A96116}.Debug|Any CPU.ActiveCfg = Debug|Any CPU
		{34057C47-664C-465B-83F3-7CE3A6A96116}.Debug|Any CPU.Build.0 = Debug|Any CPU
		{34057C47-664C-465B-83F3-7CE3A6A96116}.Release|Any CPU.ActiveCfg = Release|Any CPU
		{34057C47-664C-465B-83F3-7CE3A6A96116}.Release|Any CPU.Build.0 = Release|Any CPU
		{27C10790-AB0A-40FC-B4B5-B515B5946DCA}.Debug|Any CPU.ActiveCfg = Debug|Any CPU
		{27C10790-AB0A-40FC-B4B5-B515B5946DCA}.Debug|Any CPU.Build.0 = Debug|Any CPU
		{27C10790-AB0A-40FC-B4B5-B515B5946DCA}.Release|Any CPU.ActiveCfg = Release|Any CPU
		{27C10790-AB0A-40FC-B4B5-B515B5946DCA}.Release|Any CPU.Build.0 = Release|Any CPU
		{196735BC-5A5C-4A21-9FE4-EC01CB7F3DE9}.Debug|Any CPU.ActiveCfg = Debug|Any CPU
		{196735BC-5A5C-4A21-9FE4-EC01CB7F3DE9}.Debug|Any CPU.Build.0 = Debug|Any CPU
		{196735BC-5A5C-4A21-9FE4-EC01CB7F3DE9}.Release|Any CPU.ActiveCfg = Release|Any CPU
		{196735BC-5A5C-4A21-9FE4-EC01CB7F3DE9}.Release|Any CPU.Build.0 = Release|Any CPU
	EndGlobalSection
	GlobalSection(SolutionProperties) = preSolution
		HideSolutionNode = FALSE
	EndGlobalSection
EndGlobal
